
Microsoft Visual Studio Solution File, Format Version 12.00
# Visual Studio 14
VisualStudioVersion = 14.0.25420.1
MinimumVisualStudioVersion = 10.0.40219.1
Project("{CC5FD16D-436D-48AD-A40C-5A424C6E3E79}") = "CSCServiceAssignment2", "CSCServiceAssignment2\CSCServiceAssignment2.ccproj", "{D7C306A3-E831-4281-AC09-D34C02229A7E}"
EndProject
Project("{FAE04EC0-301F-11D3-BF4B-00C04F79EFBC}") = "WebRole1", "WebRole1\WebRole1.csproj", "{118284C3-888E-46BE-81C2-6B25A31050C3}"
EndProject
Project("{FAE04EC0-301F-11D3-BF4B-00C04F79EFBC}") = "WCFServiceWebRole1", "WCFServiceWebRole1\WCFServiceWebRole1.csproj", "{662CEA5E-3B36-4758-878B-526F72D23BA5}"
EndProject
Global
	GlobalSection(SolutionConfigurationPlatforms) = preSolution
		Debug|Any CPU = Debug|Any CPU
		Release|Any CPU = Release|Any CPU
	EndGlobalSection
	GlobalSection(ProjectConfigurationPlatforms) = postSolution
		{D7C306A3-E831-4281-AC09-D34C02229A7E}.Debug|Any CPU.ActiveCfg = Debug|Any CPU
		{D7C306A3-E831-4281-AC09-D34C02229A7E}.Debug|Any CPU.Build.0 = Debug|Any CPU
		{D7C306A3-E831-4281-AC09-D34C02229A7E}.Release|Any CPU.ActiveCfg = Release|Any CPU
		{D7C306A3-E831-4281-AC09-D34C02229A7E}.Release|Any CPU.Build.0 = Release|Any CPU
		{118284C3-888E-46BE-81C2-6B25A31050C3}.Debug|Any CPU.ActiveCfg = Debug|Any CPU
		{118284C3-888E-46BE-81C2-6B25A31050C3}.Debug|Any CPU.Build.0 = Debug|Any CPU
		{118284C3-888E-46BE-81C2-6B25A31050C3}.Release|Any CPU.ActiveCfg = Release|Any CPU
		{118284C3-888E-46BE-81C2-6B25A31050C3}.Release|Any CPU.Build.0 = Release|Any CPU
		{662CEA5E-3B36-4758-878B-526F72D23BA5}.Debug|Any CPU.ActiveCfg = Debug|Any CPU
		{662CEA5E-3B36-4758-878B-526F72D23BA5}.Debug|Any CPU.Build.0 = Debug|Any CPU
		{662CEA5E-3B36-4758-878B-526F72D23BA5}.Release|Any CPU.ActiveCfg = Release|Any CPU
		{662CEA5E-3B36-4758-878B-526F72D23BA5}.Release|Any CPU.Build.0 = Release|Any CPU
	EndGlobalSection
	GlobalSection(SolutionProperties) = preSolution
		HideSolutionNode = FALSE
	EndGlobalSection
EndGlobal
